// !$*UTF8*$!
{
	archiveVersion = 1;
	classes = {
	};
	objectVersion = 46;
	objects = {

/* Begin PBXBuildFile section */
		6B30A47C1F18034600F4F68C /* AppDelegate.swift in Sources */ = {isa = PBXBuildFile; fileRef = 6B30A47B1F18034600F4F68C /* AppDelegate.swift */; };
		6B30A47E1F18034600F4F68C /* SearchViewController.swift in Sources */ = {isa = PBXBuildFile; fileRef = 6B30A47D1F18034600F4F68C /* SearchViewController.swift */; };
		6B30A4811F18034600F4F68C /* Main.storyboard in Resources */ = {isa = PBXBuildFile; fileRef = 6B30A47F1F18034600F4F68C /* Main.storyboard */; };
		6B30A4831F18034600F4F68C /* Assets.xcassets in Resources */ = {isa = PBXBuildFile; fileRef = 6B30A4821F18034600F4F68C /* Assets.xcassets */; };
		6B30A4861F18034600F4F68C /* LaunchScreen.storyboard in Resources */ = {isa = PBXBuildFile; fileRef = 6B30A4841F18034600F4F68C /* LaunchScreen.storyboard */; };
		6B30A4911F18034600F4F68C /* pwnedTests.swift in Sources */ = {isa = PBXBuildFile; fileRef = 6B30A4901F18034600F4F68C /* pwnedTests.swift */; };
		6B30A49C1F18034600F4F68C /* pwnedUITests.swift in Sources */ = {isa = PBXBuildFile; fileRef = 6B30A49B1F18034600F4F68C /* pwnedUITests.swift */; };
		C1CB230B02E20EA5B35DB407 /* Pods_PwnedAbstract_pwnedTests.framework in Frameworks */ = {isa = PBXBuildFile; fileRef = 4BC713C756FD1400DE3F06C9 /* Pods_PwnedAbstract_pwnedTests.framework */; };
		D5D146B39B124701F2F1D33B /* Pods_PwnedAbstract_pwned.framework in Frameworks */ = {isa = PBXBuildFile; fileRef = 35EBF078085681FC9604C1EA /* Pods_PwnedAbstract_pwned.framework */; };
/* End PBXBuildFile section */

/* Begin PBXContainerItemProxy section */
		6B30A48D1F18034600F4F68C /* PBXContainerItemProxy */ = {
			isa = PBXContainerItemProxy;
			containerPortal = 6B30A4701F18034600F4F68C /* Project object */;
			proxyType = 1;
			remoteGlobalIDString = 6B30A4771F18034600F4F68C;
			remoteInfo = pwned;
		};
		6B30A4981F18034600F4F68C /* PBXContainerItemProxy */ = {
			isa = PBXContainerItemProxy;
			containerPortal = 6B30A4701F18034600F4F68C /* Project object */;
			proxyType = 1;
			remoteGlobalIDString = 6B30A4771F18034600F4F68C;
			remoteInfo = pwned;
		};
/* End PBXContainerItemProxy section */

/* Begin PBXFileReference section */
		1807C31EAA195CA7B1401CF3 /* Pods-PwnedAbstract-pwnedTests.debug.xcconfig */ = {isa = PBXFileReference; includeInIndex = 1; lastKnownFileType = text.xcconfig; name = "Pods-PwnedAbstract-pwnedTests.debug.xcconfig"; path = "Pods/Target Support Files/Pods-PwnedAbstract-pwnedTests/Pods-PwnedAbstract-pwnedTests.debug.xcconfig"; sourceTree = "<group>"; };
		35EBF078085681FC9604C1EA /* Pods_PwnedAbstract_pwned.framework */ = {isa = PBXFileReference; explicitFileType = wrapper.framework; includeInIndex = 0; path = Pods_PwnedAbstract_pwned.framework; sourceTree = BUILT_PRODUCTS_DIR; };
		4BC713C756FD1400DE3F06C9 /* Pods_PwnedAbstract_pwnedTests.framework */ = {isa = PBXFileReference; explicitFileType = wrapper.framework; includeInIndex = 0; path = Pods_PwnedAbstract_pwnedTests.framework; sourceTree = BUILT_PRODUCTS_DIR; };
		5C62B03A83D1735CBB90FF1A /* Pods-PwnedAbstract-pwnedTests.release.xcconfig */ = {isa = PBXFileReference; includeInIndex = 1; lastKnownFileType = text.xcconfig; name = "Pods-PwnedAbstract-pwnedTests.release.xcconfig"; path = "Pods/Target Support Files/Pods-PwnedAbstract-pwnedTests/Pods-PwnedAbstract-pwnedTests.release.xcconfig"; sourceTree = "<group>"; };
		6B30A4781F18034600F4F68C /* pwned.app */ = {isa = PBXFileReference; explicitFileType = wrapper.application; includeInIndex = 0; path = pwned.app; sourceTree = BUILT_PRODUCTS_DIR; };
		6B30A47B1F18034600F4F68C /* AppDelegate.swift */ = {isa = PBXFileReference; lastKnownFileType = sourcecode.swift; path = AppDelegate.swift; sourceTree = "<group>"; };
		6B30A47D1F18034600F4F68C /* SearchViewController.swift */ = {isa = PBXFileReference; lastKnownFileType = sourcecode.swift; path = SearchViewController.swift; sourceTree = "<group>"; };
		6B30A4801F18034600F4F68C /* Base */ = {isa = PBXFileReference; lastKnownFileType = file.storyboard; name = Base; path = Base.lproj/Main.storyboard; sourceTree = "<group>"; };
		6B30A4821F18034600F4F68C /* Assets.xcassets */ = {isa = PBXFileReference; lastKnownFileType = folder.assetcatalog; path = Assets.xcassets; sourceTree = "<group>"; };
		6B30A4851F18034600F4F68C /* Base */ = {isa = PBXFileReference; lastKnownFileType = file.storyboard; name = Base; path = Base.lproj/LaunchScreen.storyboard; sourceTree = "<group>"; };
		6B30A4871F18034600F4F68C /* Info.plist */ = {isa = PBXFileReference; lastKnownFileType = text.plist.xml; path = Info.plist; sourceTree = "<group>"; };
		6B30A48C1F18034600F4F68C /* pwnedTests.xctest */ = {isa = PBXFileReference; explicitFileType = wrapper.cfbundle; includeInIndex = 0; path = pwnedTests.xctest; sourceTree = BUILT_PRODUCTS_DIR; };
		6B30A4901F18034600F4F68C /* pwnedTests.swift */ = {isa = PBXFileReference; lastKnownFileType = sourcecode.swift; path = pwnedTests.swift; sourceTree = "<group>"; };
		6B30A4921F18034600F4F68C /* Info.plist */ = {isa = PBXFileReference; lastKnownFileType = text.plist.xml; path = Info.plist; sourceTree = "<group>"; };
		6B30A4971F18034600F4F68C /* pwnedUITests.xctest */ = {isa = PBXFileReference; explicitFileType = wrapper.cfbundle; includeInIndex = 0; path = pwnedUITests.xctest; sourceTree = BUILT_PRODUCTS_DIR; };
		6B30A49B1F18034600F4F68C /* pwnedUITests.swift */ = {isa = PBXFileReference; lastKnownFileType = sourcecode.swift; path = pwnedUITests.swift; sourceTree = "<group>"; };
		6B30A49D1F18034600F4F68C /* Info.plist */ = {isa = PBXFileReference; lastKnownFileType = text.plist.xml; path = Info.plist; sourceTree = "<group>"; };
		70B3E3CE6A0799CFCFE1FBBD /* Pods-PwnedAbstract-pwned.release.xcconfig */ = {isa = PBXFileReference; includeInIndex = 1; lastKnownFileType = text.xcconfig; name = "Pods-PwnedAbstract-pwned.release.xcconfig"; path = "Pods/Target Support Files/Pods-PwnedAbstract-pwned/Pods-PwnedAbstract-pwned.release.xcconfig"; sourceTree = "<group>"; };
		CCCD4B1018F3CE890E19B730 /* Pods-PwnedAbstract-pwned.debug.xcconfig */ = {isa = PBXFileReference; includeInIndex = 1; lastKnownFileType = text.xcconfig; name = "Pods-PwnedAbstract-pwned.debug.xcconfig"; path = "Pods/Target Support Files/Pods-PwnedAbstract-pwned/Pods-PwnedAbstract-pwned.debug.xcconfig"; sourceTree = "<group>"; };
/* End PBXFileReference section */

/* Begin PBXFrameworksBuildPhase section */
		6B30A4751F18034600F4F68C /* Frameworks */ = {
			isa = PBXFrameworksBuildPhase;
			buildActionMask = 2147483647;
			files = (
				D5D146B39B124701F2F1D33B /* Pods_PwnedAbstract_pwned.framework in Frameworks */,
			);
			runOnlyForDeploymentPostprocessing = 0;
		};
		6B30A4891F18034600F4F68C /* Frameworks */ = {
			isa = PBXFrameworksBuildPhase;
			buildActionMask = 2147483647;
			files = (
				C1CB230B02E20EA5B35DB407 /* Pods_PwnedAbstract_pwnedTests.framework in Frameworks */,
			);
			runOnlyForDeploymentPostprocessing = 0;
		};
		6B30A4941F18034600F4F68C /* Frameworks */ = {
			isa = PBXFrameworksBuildPhase;
			buildActionMask = 2147483647;
			files = (
			);
			runOnlyForDeploymentPostprocessing = 0;
		};
/* End PBXFrameworksBuildPhase section */

/* Begin PBXGroup section */
		5D10C9BA953EE3662F18089A /* Pods */ = {
			isa = PBXGroup;
			children = (
				CCCD4B1018F3CE890E19B730 /* Pods-PwnedAbstract-pwned.debug.xcconfig */,
				70B3E3CE6A0799CFCFE1FBBD /* Pods-PwnedAbstract-pwned.release.xcconfig */,
				1807C31EAA195CA7B1401CF3 /* Pods-PwnedAbstract-pwnedTests.debug.xcconfig */,
				5C62B03A83D1735CBB90FF1A /* Pods-PwnedAbstract-pwnedTests.release.xcconfig */,
			);
			name = Pods;
			sourceTree = "<group>";
		};
		678EF020613F8D0612EAD5B3 /* Frameworks */ = {
			isa = PBXGroup;
			children = (
				35EBF078085681FC9604C1EA /* Pods_PwnedAbstract_pwned.framework */,
				4BC713C756FD1400DE3F06C9 /* Pods_PwnedAbstract_pwnedTests.framework */,
			);
			name = Frameworks;
			sourceTree = "<group>";
		};
		6B1ED5111F1810DF00F7381F /* Cells */ = {
			isa = PBXGroup;
			children = (
			);
			path = Cells;
			sourceTree = "<group>";
		};
		6B1ED5121F18111500F7381F /* Controllers */ = {
			isa = PBXGroup;
			children = (
				6B30A47D1F18034600F4F68C /* SearchViewController.swift */,
			);
			path = Controllers;
			sourceTree = "<group>";
		};
		6B1ED5131F18112A00F7381F /* Model */ = {
			isa = PBXGroup;
			children = (
			);
			path = Model;
			sourceTree = "<group>";
		};
		6B1ED5141F18113200F7381F /* Extensions */ = {
			isa = PBXGroup;
			children = (
			);
			path = Extensions;
			sourceTree = "<group>";
		};
		6B1ED5151F18113C00F7381F /* Services */ = {
			isa = PBXGroup;
			children = (
			);
			path = Services;
			sourceTree = "<group>";
		};
		6B1ED5161F18114400F7381F /* Scenes */ = {
			isa = PBXGroup;
			children = (
			);
			path = Scenes;
			sourceTree = "<group>";
		};
		6B30A46F1F18034600F4F68C = {
			isa = PBXGroup;
			children = (
				6B30A47A1F18034600F4F68C /* pwned */,
				6B30A48F1F18034600F4F68C /* pwnedTests */,
				6B30A49A1F18034600F4F68C /* pwnedUITests */,
				6B30A4791F18034600F4F68C /* Products */,
				5D10C9BA953EE3662F18089A /* Pods */,
				678EF020613F8D0612EAD5B3 /* Frameworks */,
			);
			sourceTree = "<group>";
		};
		6B30A4791F18034600F4F68C /* Products */ = {
			isa = PBXGroup;
			children = (
				6B30A4781F18034600F4F68C /* pwned.app */,
				6B30A48C1F18034600F4F68C /* pwnedTests.xctest */,
				6B30A4971F18034600F4F68C /* pwnedUITests.xctest */,
			);
			name = Products;
			sourceTree = "<group>";
		};
		6B30A47A1F18034600F4F68C /* pwned */ = {
			isa = PBXGroup;
			children = (
				6B30A47B1F18034600F4F68C /* AppDelegate.swift */,
				6B1ED5161F18114400F7381F /* Scenes */,
				6B1ED5151F18113C00F7381F /* Services */,
				6B1ED5141F18113200F7381F /* Extensions */,
				6B1ED5131F18112A00F7381F /* Model */,
				6B1ED5121F18111500F7381F /* Controllers */,
				6B1ED5111F1810DF00F7381F /* Cells */,
				6B30A4821F18034600F4F68C /* Assets.xcassets */,
				6B30A47F1F18034600F4F68C /* Main.storyboard */,
				6B30A4841F18034600F4F68C /* LaunchScreen.storyboard */,
				6B30A4871F18034600F4F68C /* Info.plist */,
			);
			path = pwned;
			sourceTree = "<group>";
		};
		6B30A48F1F18034600F4F68C /* pwnedTests */ = {
			isa = PBXGroup;
			children = (
				6B30A4901F18034600F4F68C /* pwnedTests.swift */,
				6B30A4921F18034600F4F68C /* Info.plist */,
			);
			path = pwnedTests;
			sourceTree = "<group>";
		};
		6B30A49A1F18034600F4F68C /* pwnedUITests */ = {
			isa = PBXGroup;
			children = (
				6B30A49B1F18034600F4F68C /* pwnedUITests.swift */,
				6B30A49D1F18034600F4F68C /* Info.plist */,
			);
			path = pwnedUITests;
			sourceTree = "<group>";
		};
/* End PBXGroup section */

/* Begin PBXNativeTarget section */
		6B30A4771F18034600F4F68C /* pwned */ = {
			isa = PBXNativeTarget;
			buildConfigurationList = 6B30A4A01F18034600F4F68C /* Build configuration list for PBXNativeTarget "pwned" */;
			buildPhases = (
				73D6088537E5F5E60815A520 /* [CP] Check Pods Manifest.lock */,
				6B30A4741F18034600F4F68C /* Sources */,
				6B30A4751F18034600F4F68C /* Frameworks */,
				6B30A4761F18034600F4F68C /* Resources */,
				3D37D9FD4D60A02719AF34BB /* [CP] Embed Pods Frameworks */,
				0D27E51C1FAB38E1B2D8BB73 /* [CP] Copy Pods Resources */,
			);
			buildRules = (
			);
			dependencies = (
			);
			name = pwned;
			productName = pwned;
			productReference = 6B30A4781F18034600F4F68C /* pwned.app */;
			productType = "com.apple.product-type.application";
		};
		6B30A48B1F18034600F4F68C /* pwnedTests */ = {
			isa = PBXNativeTarget;
			buildConfigurationList = 6B30A4A31F18034600F4F68C /* Build configuration list for PBXNativeTarget "pwnedTests" */;
			buildPhases = (
				4530AE2BAA5538A8C3323966 /* [CP] Check Pods Manifest.lock */,
				6B30A4881F18034600F4F68C /* Sources */,
				6B30A4891F18034600F4F68C /* Frameworks */,
				6B30A48A1F18034600F4F68C /* Resources */,
				7D678CDEEDE9F2E5E6FC32BB /* [CP] Embed Pods Frameworks */,
				1C233AEE60345B20916EC20B /* [CP] Copy Pods Resources */,
			);
			buildRules = (
			);
			dependencies = (
				6B30A48E1F18034600F4F68C /* PBXTargetDependency */,
			);
			name = pwnedTests;
			productName = pwnedTests;
			productReference = 6B30A48C1F18034600F4F68C /* pwnedTests.xctest */;
			productType = "com.apple.product-type.bundle.unit-test";
		};
		6B30A4961F18034600F4F68C /* pwnedUITests */ = {
			isa = PBXNativeTarget;
			buildConfigurationList = 6B30A4A61F18034600F4F68C /* Build configuration list for PBXNativeTarget "pwnedUITests" */;
			buildPhases = (
				6B30A4931F18034600F4F68C /* Sources */,
				6B30A4941F18034600F4F68C /* Frameworks */,
				6B30A4951F18034600F4F68C /* Resources */,
			);
			buildRules = (
			);
			dependencies = (
				6B30A4991F18034600F4F68C /* PBXTargetDependency */,
			);
			name = pwnedUITests;
			productName = pwnedUITests;
			productReference = 6B30A4971F18034600F4F68C /* pwnedUITests.xctest */;
			productType = "com.apple.product-type.bundle.ui-testing";
		};
/* End PBXNativeTarget section */

/* Begin PBXProject section */
		6B30A4701F18034600F4F68C /* Project object */ = {
			isa = PBXProject;
			attributes = {
				LastSwiftUpdateCheck = 0830;
				LastUpgradeCheck = 0830;
				ORGANIZATIONNAME = "Dreams Corner";
				TargetAttributes = {
					6B30A4771F18034600F4F68C = {
						CreatedOnToolsVersion = 8.3.3;
						DevelopmentTeam = 26PPBQ4G57;
						ProvisioningStyle = Automatic;
					};
					6B30A48B1F18034600F4F68C = {
						CreatedOnToolsVersion = 8.3.3;
						DevelopmentTeam = 26PPBQ4G57;
						ProvisioningStyle = Automatic;
						TestTargetID = 6B30A4771F18034600F4F68C;
					};
					6B30A4961F18034600F4F68C = {
						CreatedOnToolsVersion = 8.3.3;
						DevelopmentTeam = 26PPBQ4G57;
						ProvisioningStyle = Automatic;
						TestTargetID = 6B30A4771F18034600F4F68C;
					};
				};
			};
			buildConfigurationList = 6B30A4731F18034600F4F68C /* Build configuration list for PBXProject "pwned" */;
			compatibilityVersion = "Xcode 3.2";
			developmentRegion = English;
			hasScannedForEncodings = 0;
			knownRegions = (
				en,
				Base,
			);
			mainGroup = 6B30A46F1F18034600F4F68C;
			productRefGroup = 6B30A4791F18034600F4F68C /* Products */;
			projectDirPath = "";
			projectRoot = "";
			targets = (
				6B30A4771F18034600F4F68C /* pwned */,
				6B30A48B1F18034600F4F68C /* pwnedTests */,
				6B30A4961F18034600F4F68C /* pwnedUITests */,
			);
		};
/* End PBXProject section */

/* Begin PBXResourcesBuildPhase section */
		6B30A4761F18034600F4F68C /* Resources */ = {
			isa = PBXResourcesBuildPhase;
			buildActionMask = 2147483647;
			files = (
				6B30A4861F18034600F4F68C /* LaunchScreen.storyboard in Resources */,
				6B30A4831F18034600F4F68C /* Assets.xcassets in Resources */,
				6B30A4811F18034600F4F68C /* Main.storyboard in Resources */,
			);
			runOnlyForDeploymentPostprocessing = 0;
		};
		6B30A48A1F18034600F4F68C /* Resources */ = {
			isa = PBXResourcesBuildPhase;
			buildActionMask = 2147483647;
			files = (
			);
			runOnlyForDeploymentPostprocessing = 0;
		};
		6B30A4951F18034600F4F68C /* Resources */ = {
			isa = PBXResourcesBuildPhase;
			buildActionMask = 2147483647;
			files = (
			);
			runOnlyForDeploymentPostprocessing = 0;
		};
/* End PBXResourcesBuildPhase section */

/* Begin PBXShellScriptBuildPhase section */
		0D27E51C1FAB38E1B2D8BB73 /* [CP] Copy Pods Resources */ = {
			isa = PBXShellScriptBuildPhase;
			buildActionMask = 2147483647;
			files = (
			);
			inputPaths = (
			);
			name = "[CP] Copy Pods Resources";
			outputPaths = (
			);
			runOnlyForDeploymentPostprocessing = 0;
			shellPath = /bin/sh;
			shellScript = "\"${SRCROOT}/Pods/Target Support Files/Pods-PwnedAbstract-pwned/Pods-PwnedAbstract-pwned-resources.sh\"\n";
			showEnvVarsInLog = 0;
		};
		1C233AEE60345B20916EC20B /* [CP] Copy Pods Resources */ = {
			isa = PBXShellScriptBuildPhase;
			buildActionMask = 2147483647;
			files = (
			);
			inputPaths = (
			);
			name = "[CP] Copy Pods Resources";
			outputPaths = (
			);
			runOnlyForDeploymentPostprocessing = 0;
			shellPath = /bin/sh;
			shellScript = "\"${SRCROOT}/Pods/Target Support Files/Pods-PwnedAbstract-pwnedTests/Pods-PwnedAbstract-pwnedTests-resources.sh\"\n";
			showEnvVarsInLog = 0;
		};
		3D37D9FD4D60A02719AF34BB /* [CP] Embed Pods Frameworks */ = {
			isa = PBXShellScriptBuildPhase;
			buildActionMask = 2147483647;
			files = (
			);
			inputPaths = (
			);
			name = "[CP] Embed Pods Frameworks";
			outputPaths = (
			);
			runOnlyForDeploymentPostprocessing = 0;
			shellPath = /bin/sh;
			shellScript = "\"${SRCROOT}/Pods/Target Support Files/Pods-PwnedAbstract-pwned/Pods-PwnedAbstract-pwned-frameworks.sh\"\n";
			showEnvVarsInLog = 0;
		};
		4530AE2BAA5538A8C3323966 /* [CP] Check Pods Manifest.lock */ = {
			isa = PBXShellScriptBuildPhase;
			buildActionMask = 2147483647;
			files = (
			);
			inputPaths = (
			);
			name = "[CP] Check Pods Manifest.lock";
			outputPaths = (
			);
			runOnlyForDeploymentPostprocessing = 0;
			shellPath = /bin/sh;
			shellScript = "diff \"${PODS_PODFILE_DIR_PATH}/Podfile.lock\" \"${PODS_ROOT}/Manifest.lock\" > /dev/null\nif [ $? != 0 ] ; then\n    # print error to STDERR\n    echo \"error: The sandbox is not in sync with the Podfile.lock. Run 'pod install' or update your CocoaPods installation.\" >&2\n    exit 1\nfi\n";
			showEnvVarsInLog = 0;
		};
		73D6088537E5F5E60815A520 /* [CP] Check Pods Manifest.lock */ = {
			isa = PBXShellScriptBuildPhase;
			buildActionMask = 2147483647;
			files = (
			);
			inputPaths = (
			);
			name = "[CP] Check Pods Manifest.lock";
			outputPaths = (
			);
			runOnlyForDeploymentPostprocessing = 0;
			shellPath = /bin/sh;
			shellScript = "diff \"${PODS_PODFILE_DIR_PATH}/Podfile.lock\" \"${PODS_ROOT}/Manifest.lock\" > /dev/null\nif [ $? != 0 ] ; then\n    # print error to STDERR\n    echo \"error: The sandbox is not in sync with the Podfile.lock. Run 'pod install' or update your CocoaPods installation.\" >&2\n    exit 1\nfi\n";
			showEnvVarsInLog = 0;
		};
		7D678CDEEDE9F2E5E6FC32BB /* [CP] Embed Pods Frameworks */ = {
			isa = PBXShellScriptBuildPhase;
			buildActionMask = 2147483647;
			files = (
			);
			inputPaths = (
			);
			name = "[CP] Embed Pods Frameworks";
			outputPaths = (
			);
			runOnlyForDeploymentPostprocessing = 0;
			shellPath = /bin/sh;
			shellScript = "\"${SRCROOT}/Pods/Target Support Files/Pods-PwnedAbstract-pwnedTests/Pods-PwnedAbstract-pwnedTests-frameworks.sh\"\n";
			showEnvVarsInLog = 0;
		};
/* End PBXShellScriptBuildPhase section */

/* Begin PBXSourcesBuildPhase section */
		6B30A4741F18034600F4F68C /* Sources */ = {
			isa = PBXSourcesBuildPhase;
			buildActionMask = 2147483647;
			files = (
				6B30A47E1F18034600F4F68C /* SearchViewController.swift in Sources */,
				6B30A47C1F18034600F4F68C /* AppDelegate.swift in Sources */,
			);
			runOnlyForDeploymentPostprocessing = 0;
		};
		6B30A4881F18034600F4F68C /* Sources */ = {
			isa = PBXSourcesBuildPhase;
			buildActionMask = 2147483647;
			files = (
				6B30A4911F18034600F4F68C /* pwnedTests.swift in Sources */,
			);
			runOnlyForDeploymentPostprocessing = 0;
		};
		6B30A4931F18034600F4F68C /* Sources */ = {
			isa = PBXSourcesBuildPhase;
			buildActionMask = 2147483647;
			files = (
				6B30A49C1F18034600F4F68C /* pwnedUITests.swift in Sources */,
			);
			runOnlyForDeploymentPostprocessing = 0;
		};
/* End PBXSourcesBuildPhase section */

/* Begin PBXTargetDependency section */
		6B30A48E1F18034600F4F68C /* PBXTargetDependency */ = {
			isa = PBXTargetDependency;
			target = 6B30A4771F18034600F4F68C /* pwned */;
			targetProxy = 6B30A48D1F18034600F4F68C /* PBXContainerItemProxy */;
		};
		6B30A4991F18034600F4F68C /* PBXTargetDependency */ = {
			isa = PBXTargetDependency;
			target = 6B30A4771F18034600F4F68C /* pwned */;
			targetProxy = 6B30A4981F18034600F4F68C /* PBXContainerItemProxy */;
		};
/* End PBXTargetDependency section */

/* Begin PBXVariantGroup section */
		6B30A47F1F18034600F4F68C /* Main.storyboard */ = {
			isa = PBXVariantGroup;
			children = (
				6B30A4801F18034600F4F68C /* Base */,
			);
			name = Main.storyboard;
			sourceTree = "<group>";
		};
		6B30A4841F18034600F4F68C /* LaunchScreen.storyboard */ = {
			isa = PBXVariantGroup;
			children = (
				6B30A4851F18034600F4F68C /* Base */,
			);
			name = LaunchScreen.storyboard;
			sourceTree = "<group>";
		};
/* End PBXVariantGroup section */

/* Begin XCBuildConfiguration section */
		6B30A49E1F18034600F4F68C /* Debug */ = {
			isa = XCBuildConfiguration;
			buildSettings = {
				ALWAYS_SEARCH_USER_PATHS = NO;
				CLANG_ANALYZER_NONNULL = YES;
				CLANG_ANALYZER_NUMBER_OBJECT_CONVERSION = YES_AGGRESSIVE;
				CLANG_CXX_LANGUAGE_STANDARD = "gnu++0x";
				CLANG_CXX_LIBRARY = "libc++";
				CLANG_ENABLE_MODULES = YES;
				CLANG_ENABLE_OBJC_ARC = YES;
				CLANG_WARN_BOOL_CONVERSION = YES;
				CLANG_WARN_CONSTANT_CONVERSION = YES;
				CLANG_WARN_DIRECT_OBJC_ISA_USAGE = YES_ERROR;
				CLANG_WARN_DOCUMENTATION_COMMENTS = YES;
				CLANG_WARN_EMPTY_BODY = YES;
				CLANG_WARN_ENUM_CONVERSION = YES;
				CLANG_WARN_INFINITE_RECURSION = YES;
				CLANG_WARN_INT_CONVERSION = YES;
				CLANG_WARN_OBJC_ROOT_CLASS = YES_ERROR;
				CLANG_WARN_SUSPICIOUS_MOVE = YES;
				CLANG_WARN_UNREACHABLE_CODE = YES;
				CLANG_WARN__DUPLICATE_METHOD_MATCH = YES;
				"CODE_SIGN_IDENTITY[sdk=iphoneos*]" = "iPhone Developer";
				COPY_PHASE_STRIP = NO;
				DEBUG_INFORMATION_FORMAT = dwarf;
				ENABLE_STRICT_OBJC_MSGSEND = YES;
				ENABLE_TESTABILITY = YES;
				GCC_C_LANGUAGE_STANDARD = gnu99;
				GCC_DYNAMIC_NO_PIC = NO;
				GCC_NO_COMMON_BLOCKS = YES;
				GCC_OPTIMIZATION_LEVEL = 0;
				GCC_PREPROCESSOR_DEFINITIONS = (
					"DEBUG=1",
					"$(inherited)",
				);
				GCC_WARN_64_TO_32_BIT_CONVERSION = YES;
				GCC_WARN_ABOUT_RETURN_TYPE = YES_ERROR;
				GCC_WARN_UNDECLARED_SELECTOR = YES;
				GCC_WARN_UNINITIALIZED_AUTOS = YES_AGGRESSIVE;
				GCC_WARN_UNUSED_FUNCTION = YES;
				GCC_WARN_UNUSED_VARIABLE = YES;
				IPHONEOS_DEPLOYMENT_TARGET = 10.3;
				MTL_ENABLE_DEBUG_INFO = YES;
				ONLY_ACTIVE_ARCH = YES;
				SDKROOT = iphoneos;
				SWIFT_ACTIVE_COMPILATION_CONDITIONS = DEBUG;
				SWIFT_OPTIMIZATION_LEVEL = "-Onone";
				TARGETED_DEVICE_FAMILY = "1,2";
			};
			name = Debug;
		};
		6B30A49F1F18034600F4F68C /* Release */ = {
			isa = XCBuildConfiguration;
			buildSettings = {
				ALWAYS_SEARCH_USER_PATHS = NO;
				CLANG_ANALYZER_NONNULL = YES;
				CLANG_ANALYZER_NUMBER_OBJECT_CONVERSION = YES_AGGRESSIVE;
				CLANG_CXX_LANGUAGE_STANDARD = "gnu++0x";
				CLANG_CXX_LIBRARY = "libc++";
				CLANG_ENABLE_MODULES = YES;
				CLANG_ENABLE_OBJC_ARC = YES;
				CLANG_WARN_BOOL_CONVERSION = YES;
				CLANG_WARN_CONSTANT_CONVERSION = YES;
				CLANG_WARN_DIRECT_OBJC_ISA_USAGE = YES_ERROR;
				CLANG_WARN_DOCUMENTATION_COMMENTS = YES;
				CLANG_WARN_EMPTY_BODY = YES;
				CLANG_WARN_ENUM_CONVERSION = YES;
				CLANG_WARN_INFINITE_RECURSION = YES;
				CLANG_WARN_INT_CONVERSION = YES;
				CLANG_WARN_OBJC_ROOT_CLASS = YES_ERROR;
				CLANG_WARN_SUSPICIOUS_MOVE = YES;
				CLANG_WARN_UNREACHABLE_CODE = YES;
				CLANG_WARN__DUPLICATE_METHOD_MATCH = YES;
				"CODE_SIGN_IDENTITY[sdk=iphoneos*]" = "iPhone Developer";
				COPY_PHASE_STRIP = NO;
				DEBUG_INFORMATION_FORMAT = "dwarf-with-dsym";
				ENABLE_NS_ASSERTIONS = NO;
				ENABLE_STRICT_OBJC_MSGSEND = YES;
				GCC_C_LANGUAGE_STANDARD = gnu99;
				GCC_NO_COMMON_BLOCKS = YES;
				GCC_WARN_64_TO_32_BIT_CONVERSION = YES;
				GCC_WARN_ABOUT_RETURN_TYPE = YES_ERROR;
				GCC_WARN_UNDECLARED_SELECTOR = YES;
				GCC_WARN_UNINITIALIZED_AUTOS = YES_AGGRESSIVE;
				GCC_WARN_UNUSED_FUNCTION = YES;
				GCC_WARN_UNUSED_VARIABLE = YES;
				IPHONEOS_DEPLOYMENT_TARGET = 10.3;
				MTL_ENABLE_DEBUG_INFO = NO;
				SDKROOT = iphoneos;
				SWIFT_OPTIMIZATION_LEVEL = "-Owholemodule";
				TARGETED_DEVICE_FAMILY = "1,2";
				VALIDATE_PRODUCT = YES;
			};
			name = Release;
		};
		6B30A4A11F18034600F4F68C /* Debug */ = {
			isa = XCBuildConfiguration;
			baseConfigurationReference = CCCD4B1018F3CE890E19B730 /* Pods-PwnedAbstract-pwned.debug.xcconfig */;
			buildSettings = {
				ASSETCATALOG_COMPILER_APPICON_NAME = AppIcon;
				DEVELOPMENT_TEAM = 26PPBQ4G57;
				INFOPLIST_FILE = pwned/Info.plist;
				IPHONEOS_DEPLOYMENT_TARGET = 9.0;
				LD_RUNPATH_SEARCH_PATHS = "$(inherited) @executable_path/Frameworks";
				PRODUCT_BUNDLE_IDENTIFIER = com.jgonfer.pwned;
				PRODUCT_NAME = "$(TARGET_NAME)";
				SWIFT_VERSION = 3.0;
			};
			name = Debug;
		};
		6B30A4A21F18034600F4F68C /* Release */ = {
			isa = XCBuildConfiguration;
			baseConfigurationReference = 70B3E3CE6A0799CFCFE1FBBD /* Pods-PwnedAbstract-pwned.release.xcconfig */;
			buildSettings = {
				ASSETCATALOG_COMPILER_APPICON_NAME = AppIcon;
				DEVELOPMENT_TEAM = 26PPBQ4G57;
				INFOPLIST_FILE = pwned/Info.plist;
				IPHONEOS_DEPLOYMENT_TARGET = 9.0;
				LD_RUNPATH_SEARCH_PATHS = "$(inherited) @executable_path/Frameworks";
				PRODUCT_BUNDLE_IDENTIFIER = com.jgonfer.pwned;
				PRODUCT_NAME = "$(TARGET_NAME)";
				SWIFT_VERSION = 3.0;
			};
			name = Release;
		};
		6B30A4A41F18034600F4F68C /* Debug */ = {
			isa = XCBuildConfiguration;
			baseConfigurationReference = 1807C31EAA195CA7B1401CF3 /* Pods-PwnedAbstract-pwnedTests.debug.xcconfig */;
			buildSettings = {
				ALWAYS_EMBED_SWIFT_STANDARD_LIBRARIES = YES;
				BUNDLE_LOADER = "$(TEST_HOST)";
				DEVELOPMENT_TEAM = 26PPBQ4G57;
				INFOPLIST_FILE = pwnedTests/Info.plist;
				LD_RUNPATH_SEARCH_PATHS = "$(inherited) @executable_path/Frameworks @loader_path/Frameworks";
				PRODUCT_BUNDLE_IDENTIFIER = com.jgonfer.pwnedTests;
				PRODUCT_NAME = "$(TARGET_NAME)";
				SWIFT_VERSION = 3.0;
				TEST_HOST = "$(BUILT_PRODUCTS_DIR)/pwned.app/pwned";
			};
			name = Debug;
		};
		6B30A4A51F18034600F4F68C /* Release */ = {
			isa = XCBuildConfiguration;
			baseConfigurationReference = 5C62B03A83D1735CBB90FF1A /* Pods-PwnedAbstract-pwnedTests.release.xcconfig */;
			buildSettings = {
				ALWAYS_EMBED_SWIFT_STANDARD_LIBRARIES = YES;
				BUNDLE_LOADER = "$(TEST_HOST)";
				DEVELOPMENT_TEAM = 26PPBQ4G57;
				INFOPLIST_FILE = pwnedTests/Info.plist;
				LD_RUNPATH_SEARCH_PATHS = "$(inherited) @executable_path/Frameworks @loader_path/Frameworks";
				PRODUCT_BUNDLE_IDENTIFIER = com.jgonfer.pwnedTests;
				PRODUCT_NAME = "$(TARGET_NAME)";
				SWIFT_VERSION = 3.0;
				TEST_HOST = "$(BUILT_PRODUCTS_DIR)/pwned.app/pwned";
			};
			name = Release;
		};
		6B30A4A71F18034600F4F68C /* Debug */ = {
			isa = XCBuildConfiguration;
			buildSettings = {
				ALWAYS_EMBED_SWIFT_STANDARD_LIBRARIES = YES;
				DEVELOPMENT_TEAM = 26PPBQ4G57;
				INFOPLIST_FILE = pwnedUITests/Info.plist;
				LD_RUNPATH_SEARCH_PATHS = "$(inherited) @executable_path/Frameworks @loader_path/Frameworks";
				PRODUCT_BUNDLE_IDENTIFIER = com.jgonfer.pwnedUITests;
				PRODUCT_NAME = "$(TARGET_NAME)";
				SWIFT_VERSION = 3.0;
				TEST_TARGET_NAME = pwned;
			};
			name = Debug;
		};
		6B30A4A81F18034600F4F68C /* Release */ = {
			isa = XCBuildConfiguration;
			buildSettings = {
				ALWAYS_EMBED_SWIFT_STANDARD_LIBRARIES = YES;
				DEVELOPMENT_TEAM = 26PPBQ4G57;
				INFOPLIST_FILE = pwnedUITests/Info.plist;
				LD_RUNPATH_SEARCH_PATHS = "$(inherited) @executable_path/Frameworks @loader_path/Frameworks";
				PRODUCT_BUNDLE_IDENTIFIER = com.jgonfer.pwnedUITests;
				PRODUCT_NAME = "$(TARGET_NAME)";
				SWIFT_VERSION = 3.0;
				TEST_TARGET_NAME = pwned;
			};
			name = Release;
		};
/* End XCBuildConfiguration section */

/* Begin XCConfigurationList section */
		6B30A4731F18034600F4F68C /* Build configuration list for PBXProject "pwned" */ = {
			isa = XCConfigurationList;
			buildConfigurations = (
				6B30A49E1F18034600F4F68C /* Debug */,
				6B30A49F1F18034600F4F68C /* Release */,
			);
			defaultConfigurationIsVisible = 0;
			defaultConfigurationName = Release;
		};
		6B30A4A01F18034600F4F68C /* Build configuration list for PBXNativeTarget "pwned" */ = {
			isa = XCConfigurationList;
			buildConfigurations = (
				6B30A4A11F18034600F4F68C /* Debug */,
				6B30A4A21F18034600F4F68C /* Release */,
			);
			defaultConfigurationIsVisible = 0;
			defaultConfigurationName = Release;
		};
		6B30A4A31F18034600F4F68C /* Build configuration list for PBXNativeTarget "pwnedTests" */ = {
			isa = XCConfigurationList;
			buildConfigurations = (
				6B30A4A41F18034600F4F68C /* Debug */,
				6B30A4A51F18034600F4F68C /* Release */,
			);
			defaultConfigurationIsVisible = 0;
			defaultConfigurationName = Release;
		};
		6B30A4A61F18034600F4F68C /* Build configuration list for PBXNativeTarget "pwnedUITests" */ = {
			isa = XCConfigurationList;
			buildConfigurations = (
				6B30A4A71F18034600F4F68C /* Debug */,
				6B30A4A81F18034600F4F68C /* Release */,
			);
			defaultConfigurationIsVisible = 0;
			defaultConfigurationName = Release;
		};
/* End XCConfigurationList section */
	};
	rootObject = 6B30A4701F18034600F4F68C /* Project object */;
}
